
Microsoft Visual Studio Solution File, Format Version 10.00
# Visual C# Express 2008
Project("{FAE04EC0-301F-11D3-BF4B-00C04F79EFBC}") = "MediaManagerDaemon", "MediaManagerDaemon\MediaManagerDaemon.csproj", "{F25F6AFA-CA8C-4DFE-A081-65C02A59B207}"
EndProject
Global
	GlobalSection(SolutionConfigurationPlatforms) = preSolution
		Debug|Any CPU = Debug|Any CPU
		Release|Any CPU = Release|Any CPU
	EndGlobalSection
	GlobalSection(ProjectConfigurationPlatforms) = postSolution
		{F25F6AFA-CA8C-4DFE-A081-65C02A59B207}.Debug|Any CPU.ActiveCfg = Debug|Any CPU
		{F25F6AFA-CA8C-4DFE-A081-65C02A59B207}.Debug|Any CPU.Build.0 = Debug|Any CPU
		{F25F6AFA-CA8C-4DFE-A081-65C02A59B207}.Release|Any CPU.ActiveCfg = Release|Any CPU
		{F25F6AFA-CA8C-4DFE-A081-65C02A59B207}.Release|Any CPU.Build.0 = Release|Any CPU
	EndGlobalSection
	GlobalSection(SolutionProperties) = preSolution
		HideSolutionNode = FALSE
	EndGlobalSection
EndGlobal
